
Microsoft Visual Studio Solution File, Format Version 12.00
# Visual Studio 14
VisualStudioVersion = 14.0.24720.0
MinimumVisualStudioVersion = 10.0.40219.1
Project("{FAE04EC0-301F-11D3-BF4B-00C04F79EFBC}") = "UniversityNews.Droid", "UniversityNews\UniversityNews.Droid\UniversityNews.Droid.csproj", "{48F6BB5B-4C70-4CBB-8DDB-C0EF8E2D66D1}"
EndProject
Project("{FAE04EC0-301F-11D3-BF4B-00C04F79EFBC}") = "UniversityNews.iOS", "UniversityNews\UniversityNews.iOS\UniversityNews.iOS.csproj", "{A1A5AF76-623B-49AE-8929-825B4104D89E}"
EndProject
Project("{FAE04EC0-301F-11D3-BF4B-00C04F79EFBC}") = "UniversityNews.WinPhone", "UniversityNews\UniversityNews.WinPhone\UniversityNews.WinPhone.csproj", "{865F061D-E7EC-4F31-88AC-D10F51DA4B24}"
EndProject
Project("{FAE04EC0-301F-11D3-BF4B-00C04F79EFBC}") = "UniversityNews", "UniversityNews\UniversityNews\UniversityNews.csproj", "{7122242E-521D-4C5A-A543-14A33F104433}"
EndProject
Global
	GlobalSection(SolutionConfigurationPlatforms) = preSolution
		Ad-Hoc|Any CPU = Ad-Hoc|Any CPU
		Ad-Hoc|ARM = Ad-Hoc|ARM
		Ad-Hoc|iPhone = Ad-Hoc|iPhone
		Ad-Hoc|iPhoneSimulator = Ad-Hoc|iPhoneSimulator
		Ad-Hoc|x64 = Ad-Hoc|x64
		Ad-Hoc|x86 = Ad-Hoc|x86
		AppStore|Any CPU = AppStore|Any CPU
		AppStore|ARM = AppStore|ARM
		AppStore|iPhone = AppStore|iPhone
		AppStore|iPhoneSimulator = AppStore|iPhoneSimulator
		AppStore|x64 = AppStore|x64
		AppStore|x86 = AppStore|x86
		Debug|Any CPU = Debug|Any CPU
		Debug|ARM = Debug|ARM
		Debug|iPhone = Debug|iPhone
		Debug|iPhoneSimulator = Debug|iPhoneSimulator
		Debug|x64 = Debug|x64
		Debug|x86 = Debug|x86
		Release|Any CPU = Release|Any CPU
		Release|ARM = Release|ARM
		Release|iPhone = Release|iPhone
		Release|iPhoneSimulator = Release|iPhoneSimulator
		Release|x64 = Release|x64
		Release|x86 = Release|x86
	EndGlobalSection
	GlobalSection(ProjectConfigurationPlatforms) = postSolution
		{48F6BB5B-4C70-4CBB-8DDB-C0EF8E2D66D1}.Ad-Hoc|Any CPU.ActiveCfg = Release|Any CPU
		{48F6BB5B-4C70-4CBB-8DDB-C0EF8E2D66D1}.Ad-Hoc|Any CPU.Build.0 = Release|Any CPU
		{48F6BB5B-4C70-4CBB-8DDB-C0EF8E2D66D1}.Ad-Hoc|Any CPU.Deploy.0 = Release|Any CPU
		{48F6BB5B-4C70-4CBB-8DDB-C0EF8E2D66D1}.Ad-Hoc|ARM.ActiveCfg = Release|Any CPU
		{48F6BB5B-4C70-4CBB-8DDB-C0EF8E2D66D1}.Ad-Hoc|ARM.Build.0 = Release|Any CPU
		{48F6BB5B-4C70-4CBB-8DDB-C0EF8E2D66D1}.Ad-Hoc|ARM.Deploy.0 = Release|Any CPU
		{48F6BB5B-4C70-4CBB-8DDB-C0EF8E2D66D1}.Ad-Hoc|iPhone.ActiveCfg = Release|Any CPU
		{48F6BB5B-4C70-4CBB-8DDB-C0EF8E2D66D1}.Ad-Hoc|iPhone.Build.0 = Release|Any CPU
		{48F6BB5B-4C70-4CBB-8DDB-C0EF8E2D66D1}.Ad-Hoc|iPhone.Deploy.0 = Release|Any CPU
		{48F6BB5B-4C70-4CBB-8DDB-C0EF8E2D66D1}.Ad-Hoc|iPhoneSimulator.ActiveCfg = Release|Any CPU
		{48F6BB5B-4C70-4CBB-8DDB-C0EF8E2D66D1}.Ad-Hoc|iPhoneSimulator.Build.0 = Release|Any CPU
		{48F6BB5B-4C70-4CBB-8DDB-C0EF8E2D66D1}.Ad-Hoc|iPhoneSimulator.Deploy.0 = Release|Any CPU
		{48F6BB5B-4C70-4CBB-8DDB-C0EF8E2D66D1}.Ad-Hoc|x64.ActiveCfg = Release|Any CPU
		{48F6BB5B-4C70-4CBB-8DDB-C0EF8E2D66D1}.Ad-Hoc|x64.Build.0 = Release|Any CPU
		{48F6BB5B-4C70-4CBB-8DDB-C0EF8E2D66D1}.Ad-Hoc|x64.Deploy.0 = Release|Any CPU
		{48F6BB5B-4C70-4CBB-8DDB-C0EF8E2D66D1}.Ad-Hoc|x86.ActiveCfg = Release|Any CPU
		{48F6BB5B-4C70-4CBB-8DDB-C0EF8E2D66D1}.Ad-Hoc|x86.Build.0 = Release|Any CPU
		{48F6BB5B-4C70-4CBB-8DDB-C0EF8E2D66D1}.Ad-Hoc|x86.Deploy.0 = Release|Any CPU
		{48F6BB5B-4C70-4CBB-8DDB-C0EF8E2D66D1}.AppStore|Any CPU.ActiveCfg = Release|Any CPU
		{48F6BB5B-4C70-4CBB-8DDB-C0EF8E2D66D1}.AppStore|Any CPU.Build.0 = Release|Any CPU
		{48F6BB5B-4C70-4CBB-8DDB-C0EF8E2D66D1}.AppStore|Any CPU.Deploy.0 = Release|Any CPU
		{48F6BB5B-4C70-4CBB-8DDB-C0EF8E2D66D1}.AppStore|ARM.ActiveCfg = Release|Any CPU
		{48F6BB5B-4C70-4CBB-8DDB-C0EF8E2D66D1}.AppStore|ARM.Build.0 = Release|Any CPU
		{48F6BB5B-4C70-4CBB-8DDB-C0EF8E2D66D1}.AppStore|ARM.Deploy.0 = Release|Any CPU
		{48F6BB5B-4C70-4CBB-8DDB-C0EF8E2D66D1}.AppStore|iPhone.ActiveCfg = Release|Any CPU
		{48F6BB5B-4C70-4CBB-8DDB-C0EF8E2D66D1}.AppStore|iPhone.Build.0 = Release|Any CPU
		{48F6BB5B-4C70-4CBB-8DDB-C0EF8E2D66D1}.AppStore|iPhone.Deploy.0 = Release|Any CPU
		{48F6BB5B-4C70-4CBB-8DDB-C0EF8E2D66D1}.AppStore|iPhoneSimulator.ActiveCfg = Release|Any CPU
		{48F6BB5B-4C70-4CBB-8DDB-C0EF8E2D66D1}.AppStore|iPhoneSimulator.Build.0 = Release|Any CPU
		{48F6BB5B-4C70-4CBB-8DDB-C0EF8E2D66D1}.AppStore|iPhoneSimulator.Deploy.0 = Release|Any CPU
		{48F6BB5B-4C70-4CBB-8DDB-C0EF8E2D66D1}.AppStore|x64.ActiveCfg = Release|Any CPU
		{48F6BB5B-4C70-4CBB-8DDB-C0EF8E2D66D1}.AppStore|x64.Build.0 = Release|Any CPU
		{48F6BB5B-4C70-4CBB-8DDB-C0EF8E2D66D1}.AppStore|x64.Deploy.0 = Release|Any CPU
		{48F6BB5B-4C70-4CBB-8DDB-C0EF8E2D66D1}.AppStore|x86.ActiveCfg = Release|Any CPU
		{48F6BB5B-4C70-4CBB-8DDB-C0EF8E2D66D1}.AppStore|x86.Build.0 = Release|Any CPU
		{48F6BB5B-4C70-4CBB-8DDB-C0EF8E2D66D1}.AppStore|x86.Deploy.0 = Release|Any CPU
		{48F6BB5B-4C70-4CBB-8DDB-C0EF8E2D66D1}.Debug|Any CPU.ActiveCfg = Debug|Any CPU
		{48F6BB5B-4C70-4CBB-8DDB-C0EF8E2D66D1}.Debug|Any CPU.Build.0 = Debug|Any CPU
		{48F6BB5B-4C70-4CBB-8DDB-C0EF8E2D66D1}.Debug|Any CPU.Deploy.0 = Debug|Any CPU
		{48F6BB5B-4C70-4CBB-8DDB-C0EF8E2D66D1}.Debug|ARM.ActiveCfg = Debug|Any CPU
		{48F6BB5B-4C70-4CBB-8DDB-C0EF8E2D66D1}.Debug|ARM.Build.0 = Debug|Any CPU
		{48F6BB5B-4C70-4CBB-8DDB-C0EF8E2D66D1}.Debug|ARM.Deploy.0 = Debug|Any CPU
		{48F6BB5B-4C70-4CBB-8DDB-C0EF8E2D66D1}.Debug|iPhone.ActiveCfg = Debug|Any CPU
		{48F6BB5B-4C70-4CBB-8DDB-C0EF8E2D66D1}.Debug|iPhone.Build.0 = Debug|Any CPU
		{48F6BB5B-4C70-4CBB-8DDB-C0EF8E2D66D1}.Debug|iPhone.Deploy.0 = Debug|Any CPU
		{48F6BB5B-4C70-4CBB-8DDB-C0EF8E2D66D1}.Debug|iPhoneSimulator.ActiveCfg = Debug|Any CPU
		{48F6BB5B-4C70-4CBB-8DDB-C0EF8E2D66D1}.Debug|iPhoneSimulator.Build.0 = Debug|Any CPU
		{48F6BB5B-4C70-4CBB-8DDB-C0EF8E2D66D1}.Debug|iPhoneSimulator.Deploy.0 = Debug|Any CPU
		{48F6BB5B-4C70-4CBB-8DDB-C0EF8E2D66D1}.Debug|x64.ActiveCfg = Debug|Any CPU
		{48F6BB5B-4C70-4CBB-8DDB-C0EF8E2D66D1}.Debug|x64.Build.0 = Debug|Any CPU
		{48F6BB5B-4C70-4CBB-8DDB-C0EF8E2D66D1}.Debug|x64.Deploy.0 = Debug|Any CPU
		{48F6BB5B-4C70-4CBB-8DDB-C0EF8E2D66D1}.Debug|x86.ActiveCfg = Debug|Any CPU
		{48F6BB5B-4C70-4CBB-8DDB-C0EF8E2D66D1}.Debug|x86.Build.0 = Debug|Any CPU
		{48F6BB5B-4C70-4CBB-8DDB-C0EF8E2D66D1}.Debug|x86.Deploy.0 = Debug|Any CPU
		{48F6BB5B-4C70-4CBB-8DDB-C0EF8E2D66D1}.Release|Any CPU.ActiveCfg = Release|Any CPU
		{48F6BB5B-4C70-4CBB-8DDB-C0EF8E2D66D1}.Release|Any CPU.Build.0 = Release|Any CPU
		{48F6BB5B-4C70-4CBB-8DDB-C0EF8E2D66D1}.Release|Any CPU.Deploy.0 = Release|Any CPU
		{48F6BB5B-4C70-4CBB-8DDB-C0EF8E2D66D1}.Release|ARM.ActiveCfg = Release|Any CPU
		{48F6BB5B-4C70-4CBB-8DDB-C0EF8E2D66D1}.Release|ARM.Build.0 = Release|Any CPU
		{48F6BB5B-4C70-4CBB-8DDB-C0EF8E2D66D1}.Release|ARM.Deploy.0 = Release|Any CPU
		{48F6BB5B-4C70-4CBB-8DDB-C0EF8E2D66D1}.Release|iPhone.ActiveCfg = Release|Any CPU
		{48F6BB5B-4C70-4CBB-8DDB-C0EF8E2D66D1}.Release|iPhone.Build.0 = Release|Any CPU
		{48F6BB5B-4C70-4CBB-8DDB-C0EF8E2D66D1}.Release|iPhone.Deploy.0 = Release|Any CPU
		{48F6BB5B-4C70-4CBB-8DDB-C0EF8E2D66D1}.Release|iPhoneSimulator.ActiveCfg = Release|Any CPU
		{48F6BB5B-4C70-4CBB-8DDB-C0EF8E2D66D1}.Release|iPhoneSimulator.Build.0 = Release|Any CPU
		{48F6BB5B-4C70-4CBB-8DDB-C0EF8E2D66D1}.Release|iPhoneSimulator.Deploy.0 = Release|Any CPU
		{48F6BB5B-4C70-4CBB-8DDB-C0EF8E2D66D1}.Release|x64.ActiveCfg = Release|Any CPU
		{48F6BB5B-4C70-4CBB-8DDB-C0EF8E2D66D1}.Release|x64.Build.0 = Release|Any CPU
		{48F6BB5B-4C70-4CBB-8DDB-C0EF8E2D66D1}.Release|x64.Deploy.0 = Release|Any CPU
		{48F6BB5B-4C70-4CBB-8DDB-C0EF8E2D66D1}.Release|x86.ActiveCfg = Release|Any CPU
		{48F6BB5B-4C70-4CBB-8DDB-C0EF8E2D66D1}.Release|x86.Build.0 = Release|Any CPU
		{48F6BB5B-4C70-4CBB-8DDB-C0EF8E2D66D1}.Release|x86.Deploy.0 = Release|Any CPU
		{A1A5AF76-623B-49AE-8929-825B4104D89E}.Ad-Hoc|Any CPU.ActiveCfg = Ad-Hoc|iPhone
		{A1A5AF76-623B-49AE-8929-825B4104D89E}.Ad-Hoc|ARM.ActiveCfg = Ad-Hoc|iPhone
		{A1A5AF76-623B-49AE-8929-825B4104D89E}.Ad-Hoc|iPhone.ActiveCfg = Ad-Hoc|iPhone
		{A1A5AF76-623B-49AE-8929-825B4104D89E}.Ad-Hoc|iPhone.Build.0 = Ad-Hoc|iPhone
		{A1A5AF76-623B-49AE-8929-825B4104D89E}.Ad-Hoc|iPhoneSimulator.ActiveCfg = Ad-Hoc|iPhoneSimulator
		{A1A5AF76-623B-49AE-8929-825B4104D89E}.Ad-Hoc|iPhoneSimulator.Build.0 = Ad-Hoc|iPhoneSimulator
		{A1A5AF76-623B-49AE-8929-825B4104D89E}.Ad-Hoc|x64.ActiveCfg = Ad-Hoc|iPhone
		{A1A5AF76-623B-49AE-8929-825B4104D89E}.Ad-Hoc|x86.ActiveCfg = Ad-Hoc|iPhone
		{A1A5AF76-623B-49AE-8929-825B4104D89E}.AppStore|Any CPU.ActiveCfg = AppStore|iPhone
		{A1A5AF76-623B-49AE-8929-825B4104D89E}.AppStore|ARM.ActiveCfg = AppStore|iPhone
		{A1A5AF76-623B-49AE-8929-825B4104D89E}.AppStore|iPhone.ActiveCfg = AppStore|iPhone
		{A1A5AF76-623B-49AE-8929-825B4104D89E}.AppStore|iPhone.Build.0 = AppStore|iPhone
		{A1A5AF76-623B-49AE-8929-825B4104D89E}.AppStore|iPhoneSimulator.ActiveCfg = AppStore|iPhoneSimulator
		{A1A5AF76-623B-49AE-8929-825B4104D89E}.AppStore|iPhoneSimulator.Build.0 = AppStore|iPhoneSimulator
		{A1A5AF76-623B-49AE-8929-825B4104D89E}.AppStore|x64.ActiveCfg = AppStore|iPhone
		{A1A5AF76-623B-49AE-8929-825B4104D89E}.AppStore|x86.ActiveCfg = AppStore|iPhone
		{A1A5AF76-623B-49AE-8929-825B4104D89E}.Debug|Any CPU.ActiveCfg = Debug|iPhone
		{A1A5AF76-623B-49AE-8929-825B4104D89E}.Debug|ARM.ActiveCfg = Debug|iPhone
		{A1A5AF76-623B-49AE-8929-825B4104D89E}.Debug|iPhone.ActiveCfg = Debug|iPhone
		{A1A5AF76-623B-49AE-8929-825B4104D89E}.Debug|iPhone.Build.0 = Debug|iPhone
		{A1A5AF76-623B-49AE-8929-825B4104D89E}.Debug|iPhoneSimulator.ActiveCfg = Debug|iPhoneSimulator
		{A1A5AF76-623B-49AE-8929-825B4104D89E}.Debug|iPhoneSimulator.Build.0 = Debug|iPhoneSimulator
		{A1A5AF76-623B-49AE-8929-825B4104D89E}.Debug|x64.ActiveCfg = Debug|iPhone
		{A1A5AF76-623B-49AE-8929-825B4104D89E}.Debug|x86.ActiveCfg = Debug|iPhone
		{A1A5AF76-623B-49AE-8929-825B4104D89E}.Release|Any CPU.ActiveCfg = Release|iPhone
		{A1A5AF76-623B-49AE-8929-825B4104D89E}.Release|ARM.ActiveCfg = Release|iPhone
		{A1A5AF76-623B-49AE-8929-825B4104D89E}.Release|iPhone.ActiveCfg = Release|iPhone
		{A1A5AF76-623B-49AE-8929-825B4104D89E}.Release|iPhone.Build.0 = Release|iPhone
		{A1A5AF76-623B-49AE-8929-825B4104D89E}.Release|iPhoneSimulator.ActiveCfg = Release|iPhoneSimulator
		{A1A5AF76-623B-49AE-8929-825B4104D89E}.Release|iPhoneSimulator.Build.0 = Release|iPhoneSimulator
		{A1A5AF76-623B-49AE-8929-825B4104D89E}.Release|x64.ActiveCfg = Release|iPhone
		{A1A5AF76-623B-49AE-8929-825B4104D89E}.Release|x86.ActiveCfg = Release|iPhone
		{865F061D-E7EC-4F31-88AC-D10F51DA4B24}.Ad-Hoc|Any CPU.ActiveCfg = Release|Any CPU
		{865F061D-E7EC-4F31-88AC-D10F51DA4B24}.Ad-Hoc|Any CPU.Build.0 = Release|Any CPU
		{865F061D-E7EC-4F31-88AC-D10F51DA4B24}.Ad-Hoc|Any CPU.Deploy.0 = Release|Any CPU
		{865F061D-E7EC-4F31-88AC-D10F51DA4B24}.Ad-Hoc|ARM.ActiveCfg = Release|ARM
		{865F061D-E7EC-4F31-88AC-D10F51DA4B24}.Ad-Hoc|ARM.Build.0 = Release|ARM
		{865F061D-E7EC-4F31-88AC-D10F51DA4B24}.Ad-Hoc|ARM.Deploy.0 = Release|ARM
		{865F061D-E7EC-4F31-88AC-D10F51DA4B24}.Ad-Hoc|iPhone.ActiveCfg = Release|Any CPU
		{865F061D-E7EC-4F31-88AC-D10F51DA4B24}.Ad-Hoc|iPhone.Build.0 = Release|Any CPU
		{865F061D-E7EC-4F31-88AC-D10F51DA4B24}.Ad-Hoc|iPhone.Deploy.0 = Release|Any CPU
		{865F061D-E7EC-4F31-88AC-D10F51DA4B24}.Ad-Hoc|iPhoneSimulator.ActiveCfg = Release|Any CPU
		{865F061D-E7EC-4F31-88AC-D10F51DA4B24}.Ad-Hoc|iPhoneSimulator.Build.0 = Release|Any CPU
		{865F061D-E7EC-4F31-88AC-D10F51DA4B24}.Ad-Hoc|iPhoneSimulator.Deploy.0 = Release|Any CPU
		{865F061D-E7EC-4F31-88AC-D10F51DA4B24}.Ad-Hoc|x64.ActiveCfg = Release|Any CPU
		{865F061D-E7EC-4F31-88AC-D10F51DA4B24}.Ad-Hoc|x64.Build.0 = Release|Any CPU
		{865F061D-E7EC-4F31-88AC-D10F51DA4B24}.Ad-Hoc|x64.Deploy.0 = Release|Any CPU
		{865F061D-E7EC-4F31-88AC-D10F51DA4B24}.Ad-Hoc|x86.ActiveCfg = Release|x86
		{865F061D-E7EC-4F31-88AC-D10F51DA4B24}.Ad-Hoc|x86.Build.0 = Release|x86
		{865F061D-E7EC-4F31-88AC-D10F51DA4B24}.Ad-Hoc|x86.Deploy.0 = Release|x86
		{865F061D-E7EC-4F31-88AC-D10F51DA4B24}.AppStore|Any CPU.ActiveCfg = Release|Any CPU
		{865F061D-E7EC-4F31-88AC-D10F51DA4B24}.AppStore|Any CPU.Build.0 = Release|Any CPU
		{865F061D-E7EC-4F31-88AC-D10F51DA4B24}.AppStore|Any CPU.Deploy.0 = Release|Any CPU
		{865F061D-E7EC-4F31-88AC-D10F51DA4B24}.AppStore|ARM.ActiveCfg = Release|ARM
		{865F061D-E7EC-4F31-88AC-D10F51DA4B24}.AppStore|ARM.Build.0 = Release|ARM
		{865F061D-E7EC-4F31-88AC-D10F51DA4B24}.AppStore|ARM.Deploy.0 = Release|ARM
		{865F061D-E7EC-4F31-88AC-D10F51DA4B24}.AppStore|iPhone.ActiveCfg = Release|Any CPU
		{865F061D-E7EC-4F31-88AC-D10F51DA4B24}.AppStore|iPhone.Build.0 = Release|Any CPU
		{865F061D-E7EC-4F31-88AC-D10F51DA4B24}.AppStore|iPhone.Deploy.0 = Release|Any CPU
		{865F061D-E7EC-4F31-88AC-D10F51DA4B24}.AppStore|iPhoneSimulator.ActiveCfg = Release|Any CPU
		{865F061D-E7EC-4F31-88AC-D10F51DA4B24}.AppStore|iPhoneSimulator.Build.0 = Release|Any CPU
		{865F061D-E7EC-4F31-88AC-D10F51DA4B24}.AppStore|iPhoneSimulator.Deploy.0 = Release|Any CPU
		{865F061D-E7EC-4F31-88AC-D10F51DA4B24}.AppStore|x64.ActiveCfg = Release|Any CPU
		{865F061D-E7EC-4F31-88AC-D10F51DA4B24}.AppStore|x64.Build.0 = Release|Any CPU
		{865F061D-E7EC-4F31-88AC-D10F51DA4B24}.AppStore|x64.Deploy.0 = Release|Any CPU
		{865F061D-E7EC-4F31-88AC-D10F51DA4B24}.AppStore|x86.ActiveCfg = Release|x86
		{865F061D-E7EC-4F31-88AC-D10F51DA4B24}.AppStore|x86.Build.0 = Release|x86
		{865F061D-E7EC-4F31-88AC-D10F51DA4B24}.AppStore|x86.Deploy.0 = Release|x86
		{865F061D-E7EC-4F31-88AC-D10F51DA4B24}.Debug|Any CPU.ActiveCfg = Debug|Any CPU
		{865F061D-E7EC-4F31-88AC-D10F51DA4B24}.Debug|Any CPU.Build.0 = Debug|Any CPU
		{865F061D-E7EC-4F31-88AC-D10F51DA4B24}.Debug|Any CPU.Deploy.0 = Debug|Any CPU
		{865F061D-E7EC-4F31-88AC-D10F51DA4B24}.Debug|ARM.ActiveCfg = Debug|ARM
		{865F061D-E7EC-4F31-88AC-D10F51DA4B24}.Debug|ARM.Build.0 = Debug|ARM
		{865F061D-E7EC-4F31-88AC-D10F51DA4B24}.Debug|ARM.Deploy.0 = Debug|ARM
		{865F061D-E7EC-4F31-88AC-D10F51DA4B24}.Debug|iPhone.ActiveCfg = Debug|Any CPU
		{865F061D-E7EC-4F31-88AC-D10F51DA4B24}.Debug|iPhone.Build.0 = Debug|Any CPU
		{865F061D-E7EC-4F31-88AC-D10F51DA4B24}.Debug|iPhone.Deploy.0 = Debug|Any CPU
		{865F061D-E7EC-4F31-88AC-D10F51DA4B24}.Debug|iPhoneSimulator.ActiveCfg = Debug|Any CPU
		{865F061D-E7EC-4F31-88AC-D10F51DA4B24}.Debug|iPhoneSimulator.Build.0 = Debug|Any CPU
		{865F061D-E7EC-4F31-88AC-D10F51DA4B24}.Debug|iPhoneSimulator.Deploy.0 = Debug|Any CPU
		{865F061D-E7EC-4F31-88AC-D10F51DA4B24}.Debug|x64.ActiveCfg = Debug|Any CPU
		{865F061D-E7EC-4F31-88AC-D10F51DA4B24}.Debug|x64.Build.0 = Debug|Any CPU
		{865F061D-E7EC-4F31-88AC-D10F51DA4B24}.Debug|x64.Deploy.0 = Debug|Any CPU
		{865F061D-E7EC-4F31-88AC-D10F51DA4B24}.Debug|x86.ActiveCfg = Debug|x86
		{865F061D-E7EC-4F31-88AC-D10F51DA4B24}.Debug|x86.Build.0 = Debug|x86
		{865F061D-E7EC-4F31-88AC-D10F51DA4B24}.Debug|x86.Deploy.0 = Debug|x86
		{865F061D-E7EC-4F31-88AC-D10F51DA4B24}.Release|Any CPU.ActiveCfg = Release|Any CPU
		{865F061D-E7EC-4F31-88AC-D10F51DA4B24}.Release|Any CPU.Build.0 = Release|Any CPU
		{865F061D-E7EC-4F31-88AC-D10F51DA4B24}.Release|Any CPU.Deploy.0 = Release|Any CPU
		{865F061D-E7EC-4F31-88AC-D10F51DA4B24}.Release|ARM.ActiveCfg = Release|ARM
		{865F061D-E7EC-4F31-88AC-D10F51DA4B24}.Release|ARM.Build.0 = Release|ARM
		{865F061D-E7EC-4F31-88AC-D10F51DA4B24}.Release|ARM.Deploy.0 = Release|ARM
		{865F061D-E7EC-4F31-88AC-D10F51DA4B24}.Release|iPhone.ActiveCfg = Release|Any CPU
		{865F061D-E7EC-4F31-88AC-D10F51DA4B24}.Release|iPhone.Build.0 = Release|Any CPU
		{865F061D-E7EC-4F31-88AC-D10F51DA4B24}.Release|iPhone.Deploy.0 = Release|Any CPU
		{865F061D-E7EC-4F31-88AC-D10F51DA4B24}.Release|iPhoneSimulator.ActiveCfg = Release|Any CPU
		{865F061D-E7EC-4F31-88AC-D10F51DA4B24}.Release|iPhoneSimulator.Build.0 = Release|Any CPU
		{865F061D-E7EC-4F31-88AC-D10F51DA4B24}.Release|iPhoneSimulator.Deploy.0 = Release|Any CPU
		{865F061D-E7EC-4F31-88AC-D10F51DA4B24}.Release|x64.ActiveCfg = Release|Any CPU
		{865F061D-E7EC-4F31-88AC-D10F51DA4B24}.Release|x64.Build.0 = Release|Any CPU
		{865F061D-E7EC-4F31-88AC-D10F51DA4B24}.Release|x64.Deploy.0 = Release|Any CPU
		{865F061D-E7EC-4F31-88AC-D10F51DA4B24}.Release|x86.ActiveCfg = Release|x86
		{865F061D-E7EC-4F31-88AC-D10F51DA4B24}.Release|x86.Build.0 = Release|x86
		{865F061D-E7EC-4F31-88AC-D10F51DA4B24}.Release|x86.Deploy.0 = Release|x86
		{7122242E-521D-4C5A-A543-14A33F104433}.Ad-Hoc|Any CPU.ActiveCfg = Release|Any CPU
		{7122242E-521D-4C5A-A543-14A33F104433}.Ad-Hoc|Any CPU.Build.0 = Release|Any CPU
		{7122242E-521D-4C5A-A543-14A33F104433}.Ad-Hoc|ARM.ActiveCfg = Release|Any CPU
		{7122242E-521D-4C5A-A543-14A33F104433}.Ad-Hoc|ARM.Build.0 = Release|Any CPU
		{7122242E-521D-4C5A-A543-14A33F104433}.Ad-Hoc|iPhone.ActiveCfg = Release|Any CPU
		{7122242E-521D-4C5A-A543-14A33F104433}.Ad-Hoc|iPhone.Build.0 = Release|Any CPU
		{7122242E-521D-4C5A-A543-14A33F104433}.Ad-Hoc|iPhoneSimulator.ActiveCfg = Release|Any CPU
		{7122242E-521D-4C5A-A543-14A33F104433}.Ad-Hoc|iPhoneSimulator.Build.0 = Release|Any CPU
		{7122242E-521D-4C5A-A543-14A33F104433}.Ad-Hoc|x64.ActiveCfg = Release|Any CPU
		{7122242E-521D-4C5A-A543-14A33F104433}.Ad-Hoc|x64.Build.0 = Release|Any CPU
		{7122242E-521D-4C5A-A543-14A33F104433}.Ad-Hoc|x86.ActiveCfg = Release|Any CPU
		{7122242E-521D-4C5A-A543-14A33F104433}.Ad-Hoc|x86.Build.0 = Release|Any CPU
		{7122242E-521D-4C5A-A543-14A33F104433}.AppStore|Any CPU.ActiveCfg = Release|Any CPU
		{7122242E-521D-4C5A-A543-14A33F104433}.AppStore|Any CPU.Build.0 = Release|Any CPU
		{7122242E-521D-4C5A-A543-14A33F104433}.AppStore|ARM.ActiveCfg = Release|Any CPU
		{7122242E-521D-4C5A-A543-14A33F104433}.AppStore|ARM.Build.0 = Release|Any CPU
		{7122242E-521D-4C5A-A543-14A33F104433}.AppStore|iPhone.ActiveCfg = Release|Any CPU
		{7122242E-521D-4C5A-A543-14A33F104433}.AppStore|iPhone.Build.0 = Release|Any CPU
		{7122242E-521D-4C5A-A543-14A33F104433}.AppStore|iPhoneSimulator.ActiveCfg = Release|Any CPU
		{7122242E-521D-4C5A-A543-14A33F104433}.AppStore|iPhoneSimulator.Build.0 = Release|Any CPU
		{7122242E-521D-4C5A-A543-14A33F104433}.AppStore|x64.ActiveCfg = Release|Any CPU
		{7122242E-521D-4C5A-A543-14A33F104433}.AppStore|x64.Build.0 = Release|Any CPU
		{7122242E-521D-4C5A-A543-14A33F104433}.AppStore|x86.ActiveCfg = Release|Any CPU
		{7122242E-521D-4C5A-A543-14A33F104433}.AppStore|x86.Build.0 = Release|Any CPU
		{7122242E-521D-4C5A-A543-14A33F104433}.Debug|Any CPU.ActiveCfg = Debug|Any CPU
		{7122242E-521D-4C5A-A543-14A33F104433}.Debug|Any CPU.Build.0 = Debug|Any CPU
		{7122242E-521D-4C5A-A543-14A33F104433}.Debug|ARM.ActiveCfg = Debug|Any CPU
		{7122242E-521D-4C5A-A543-14A33F104433}.Debug|ARM.Build.0 = Debug|Any CPU
		{7122242E-521D-4C5A-A543-14A33F104433}.Debug|iPhone.ActiveCfg = Debug|Any CPU
		{7122242E-521D-4C5A-A543-14A33F104433}.Debug|iPhone.Build.0 = Debug|Any CPU
		{7122242E-521D-4C5A-A543-14A33F104433}.Debug|iPhoneSimulator.ActiveCfg = Debug|Any CPU
		{7122242E-521D-4C5A-A543-14A33F104433}.Debug|iPhoneSimulator.Build.0 = Debug|Any CPU
		{7122242E-521D-4C5A-A543-14A33F104433}.Debug|x64.ActiveCfg = Debug|Any CPU
		{7122242E-521D-4C5A-A543-14A33F104433}.Debug|x64.Build.0 = Debug|Any CPU
		{7122242E-521D-4C5A-A543-14A33F104433}.Debug|x86.ActiveCfg = Debug|Any CPU
		{7122242E-521D-4C5A-A543-14A33F104433}.Debug|x86.Build.0 = Debug|Any CPU
		{7122242E-521D-4C5A-A543-14A33F104433}.Release|Any CPU.ActiveCfg = Release|Any CPU
		{7122242E-521D-4C5A-A543-14A33F104433}.Release|Any CPU.Build.0 = Release|Any CPU
		{7122242E-521D-4C5A-A543-14A33F104433}.Release|ARM.ActiveCfg = Release|Any CPU
		{7122242E-521D-4C5A-A543-14A33F104433}.Release|ARM.Build.0 = Release|Any CPU
		{7122242E-521D-4C5A-A543-14A33F104433}.Release|iPhone.ActiveCfg = Release|Any CPU
		{7122242E-521D-4C5A-A543-14A33F104433}.Release|iPhone.Build.0 = Release|Any CPU
		{7122242E-521D-4C5A-A543-14A33F104433}.Release|iPhoneSimulator.ActiveCfg = Release|Any CPU
		{7122242E-521D-4C5A-A543-14A33F104433}.Release|iPhoneSimulator.Build.0 = Release|Any CPU
		{7122242E-521D-4C5A-A543-14A33F104433}.Release|x64.ActiveCfg = Release|Any CPU
		{7122242E-521D-4C5A-A543-14A33F104433}.Release|x64.Build.0 = Release|Any CPU
		{7122242E-521D-4C5A-A543-14A33F104433}.Release|x86.ActiveCfg = Release|Any CPU
		{7122242E-521D-4C5A-A543-14A33F104433}.Release|x86.Build.0 = Release|Any CPU
	EndGlobalSection
	GlobalSection(SolutionProperties) = preSolution
		HideSolutionNode = FALSE
	EndGlobalSection
EndGlobal
